// !$*UTF8*$!
{
	archiveVersion = 1;
	classes = {
	};
	objectVersion = 50;
	objects = {

/* Begin PBXBuildFile section */
		5F1673AE24744AD00053BB1F /* AppDelegate.swift in Sources */ = {isa = PBXBuildFile; fileRef = 5F1673AD24744AD00053BB1F /* AppDelegate.swift */; };
		5F1673B024744AD00053BB1F /* SceneDelegate.swift in Sources */ = {isa = PBXBuildFile; fileRef = 5F1673AF24744AD00053BB1F /* SceneDelegate.swift */; };
		5F1673B724744ADF0053BB1F /* Assets.xcassets in Resources */ = {isa = PBXBuildFile; fileRef = 5F1673B624744ADF0053BB1F /* Assets.xcassets */; };
		5F1673BA24744ADF0053BB1F /* LaunchScreen.storyboard in Resources */ = {isa = PBXBuildFile; fileRef = 5F1673B824744ADF0053BB1F /* LaunchScreen.storyboard */; };
		5F1673C224744C740053BB1F /* TabBarController.swift in Sources */ = {isa = PBXBuildFile; fileRef = 5F1673C124744C740053BB1F /* TabBarController.swift */; };
		5F1673C4247450540053BB1F /* CoordinatorForTabA.swift in Sources */ = {isa = PBXBuildFile; fileRef = 5F1673C3247450540053BB1F /* CoordinatorForTabA.swift */; };
		5F1673C6247450A20053BB1F /* Coordinator.swift in Sources */ = {isa = PBXBuildFile; fileRef = 5F1673C5247450A20053BB1F /* Coordinator.swift */; };
		5F1673C8247450C90053BB1F /* InitialViewControllerForTabA.swift in Sources */ = {isa = PBXBuildFile; fileRef = 5F1673C7247450C90053BB1F /* InitialViewControllerForTabA.swift */; };
		5F1673CA247450D30053BB1F /* InitialViewControllerForTabB.swift in Sources */ = {isa = PBXBuildFile; fileRef = 5F1673C9247450D30053BB1F /* InitialViewControllerForTabB.swift */; };
		5F1673CC2474526B0053BB1F /* ViewCodeProtocol.swift in Sources */ = {isa = PBXBuildFile; fileRef = 5F1673CB2474526B0053BB1F /* ViewCodeProtocol.swift */; };
		5F1673CE2474560F0053BB1F /* SecondViewControllerForTabA.swift in Sources */ = {isa = PBXBuildFile; fileRef = 5F1673CD2474560F0053BB1F /* SecondViewControllerForTabA.swift */; };
		5F1673D02474577E0053BB1F /* ThirdViewControllerForTabA.swift in Sources */ = {isa = PBXBuildFile; fileRef = 5F1673CF2474577E0053BB1F /* ThirdViewControllerForTabA.swift */; };
		5F1673D224745DD90053BB1F /* CoordinatorForTabB.swift in Sources */ = {isa = PBXBuildFile; fileRef = 5F1673D124745DD90053BB1F /* CoordinatorForTabB.swift */; };
		5F1673DB247460F50053BB1F /* SecondViewControllerForTabB.swift in Sources */ = {isa = PBXBuildFile; fileRef = 5F1673DA247460F50053BB1F /* SecondViewControllerForTabB.swift */; };
		5F1673DD247461060053BB1F /* ThirdViewControllerForTabB.swift in Sources */ = {isa = PBXBuildFile; fileRef = 5F1673DC247461060053BB1F /* ThirdViewControllerForTabB.swift */; };
/* End PBXBuildFile section */

/* Begin PBXFileReference section */
		5F1673AA24744ACF0053BB1F /* CoordinatorMinimumExample.app */ = {isa = PBXFileReference; explicitFileType = wrapper.application; includeInIndex = 0; path = CoordinatorMinimumExample.app; sourceTree = BUILT_PRODUCTS_DIR; };
		5F1673AD24744AD00053BB1F /* AppDelegate.swift */ = {isa = PBXFileReference; lastKnownFileType = sourcecode.swift; path = AppDelegate.swift; sourceTree = "<group>"; };
		5F1673AF24744AD00053BB1F /* SceneDelegate.swift */ = {isa = PBXFileReference; lastKnownFileType = sourcecode.swift; path = SceneDelegate.swift; sourceTree = "<group>"; };
		5F1673B624744ADF0053BB1F /* Assets.xcassets */ = {isa = PBXFileReference; lastKnownFileType = folder.assetcatalog; path = Assets.xcassets; sourceTree = "<group>"; };
		5F1673B924744ADF0053BB1F /* Base */ = {isa = PBXFileReference; lastKnownFileType = file.storyboard; name = Base; path = Base.lproj/LaunchScreen.storyboard; sourceTree = "<group>"; };
		5F1673BB24744AE00053BB1F /* Info.plist */ = {isa = PBXFileReference; lastKnownFileType = text.plist.xml; path = Info.plist; sourceTree = "<group>"; };
		5F1673C124744C740053BB1F /* TabBarController.swift */ = {isa = PBXFileReference; lastKnownFileType = sourcecode.swift; path = TabBarController.swift; sourceTree = "<group>"; };
		5F1673C3247450540053BB1F /* CoordinatorForTabA.swift */ = {isa = PBXFileReference; lastKnownFileType = sourcecode.swift; path = CoordinatorForTabA.swift; sourceTree = "<group>"; };
		5F1673C5247450A20053BB1F /* Coordinator.swift */ = {isa = PBXFileReference; lastKnownFileType = sourcecode.swift; path = Coordinator.swift; sourceTree = "<group>"; };
		5F1673C7247450C90053BB1F /* InitialViewControllerForTabA.swift */ = {isa = PBXFileReference; lastKnownFileType = sourcecode.swift; path = InitialViewControllerForTabA.swift; sourceTree = "<group>"; };
		5F1673C9247450D30053BB1F /* InitialViewControllerForTabB.swift */ = {isa = PBXFileReference; lastKnownFileType = sourcecode.swift; path = InitialViewControllerForTabB.swift; sourceTree = "<group>"; };
		5F1673CB2474526B0053BB1F /* ViewCodeProtocol.swift */ = {isa = PBXFileReference; lastKnownFileType = sourcecode.swift; path = ViewCodeProtocol.swift; sourceTree = "<group>"; };
		5F1673CD2474560F0053BB1F /* SecondViewControllerForTabA.swift */ = {isa = PBXFileReference; lastKnownFileType = sourcecode.swift; path = SecondViewControllerForTabA.swift; sourceTree = "<group>"; };
		5F1673CF2474577E0053BB1F /* ThirdViewControllerForTabA.swift */ = {isa = PBXFileReference; lastKnownFileType = sourcecode.swift; path = ThirdViewControllerForTabA.swift; sourceTree = "<group>"; };
		5F1673D124745DD90053BB1F /* CoordinatorForTabB.swift */ = {isa = PBXFileReference; lastKnownFileType = sourcecode.swift; path = CoordinatorForTabB.swift; sourceTree = "<group>"; };
		5F1673DA247460F50053BB1F /* SecondViewControllerForTabB.swift */ = {isa = PBXFileReference; lastKnownFileType = sourcecode.swift; path = SecondViewControllerForTabB.swift; sourceTree = "<group>"; };
		5F1673DC247461060053BB1F /* ThirdViewControllerForTabB.swift */ = {isa = PBXFileReference; lastKnownFileType = sourcecode.swift; path = ThirdViewControllerForTabB.swift; sourceTree = "<group>"; };
/* End PBXFileReference section */

/* Begin PBXFrameworksBuildPhase section */
		5F1673A724744ACF0053BB1F /* Frameworks */ = {
			isa = PBXFrameworksBuildPhase;
			buildActionMask = 2147483647;
			files = (
			);
			runOnlyForDeploymentPostprocessing = 0;
		};
/* End PBXFrameworksBuildPhase section */

/* Begin PBXGroup section */
		5F1673A124744ACF0053BB1F = {
			isa = PBXGroup;
			children = (
				5F1673AC24744AD00053BB1F /* CoordinatorMinimumExample */,
				5F1673AB24744ACF0053BB1F /* Products */,
			);
			sourceTree = "<group>";
		};
		5F1673AB24744ACF0053BB1F /* Products */ = {
			isa = PBXGroup;
			children = (
				5F1673AA24744ACF0053BB1F /* CoordinatorMinimumExample.app */,
			);
			name = Products;
			sourceTree = "<group>";
		};
		5F1673AC24744AD00053BB1F /* CoordinatorMinimumExample */ = {
			isa = PBXGroup;
			children = (
				5F1673D524745E060053BB1F /* App Delegate e TabBar */,
				5F1673D624745E160053BB1F /* Coordinators */,
				5F1673D324745DE40053BB1F /* Tab A */,
				5F1673D424745DF10053BB1F /* Tab B */,
				5F1673D724745E500053BB1F /* Supporting files */,
			);
			path = CoordinatorMinimumExample;
			sourceTree = "<group>";
		};
		5F1673D324745DE40053BB1F /* Tab A */ = {
			isa = PBXGroup;
			children = (
				5F1673C7247450C90053BB1F /* InitialViewControllerForTabA.swift */,
				5F1673CD2474560F0053BB1F /* SecondViewControllerForTabA.swift */,
				5F1673CF2474577E0053BB1F /* ThirdViewControllerForTabA.swift */,
			);
			path = "Tab A";
			sourceTree = "<group>";
		};
		5F1673D424745DF10053BB1F /* Tab B */ = {
			isa = PBXGroup;
			children = (
				5F1673C9247450D30053BB1F /* InitialViewControllerForTabB.swift */,
				5F1673DA247460F50053BB1F /* SecondViewControllerForTabB.swift */,
				5F1673DC247461060053BB1F /* ThirdViewControllerForTabB.swift */,
			);
			path = "Tab B";
			sourceTree = "<group>";
		};
		5F1673D524745E060053BB1F /* App Delegate e TabBar */ = {
			isa = PBXGroup;
			children = (
				5F1673AD24744AD00053BB1F /* AppDelegate.swift */,
				5F1673AF24744AD00053BB1F /* SceneDelegate.swift */,
				5F1673C124744C740053BB1F /* TabBarController.swift */,
			);
			path = "App Delegate e TabBar";
			sourceTree = "<group>";
		};
		5F1673D624745E160053BB1F /* Coordinators */ = {
			isa = PBXGroup;
			children = (
				5F1673C5247450A20053BB1F /* Coordinator.swift */,
				5F1673C3247450540053BB1F /* CoordinatorForTabA.swift */,
				5F1673D124745DD90053BB1F /* CoordinatorForTabB.swift */,
			);
			path = Coordinators;
			sourceTree = "<group>";
		};
		5F1673D724745E500053BB1F /* Supporting files */ = {
			isa = PBXGroup;
			children = (
				5F1673B624744ADF0053BB1F /* Assets.xcassets */,
				5F1673CB2474526B0053BB1F /* ViewCodeProtocol.swift */,
				5F1673B824744ADF0053BB1F /* LaunchScreen.storyboard */,
				5F1673BB24744AE00053BB1F /* Info.plist */,
			);
			path = "Supporting files";
			sourceTree = "<group>";
		};
/* End PBXGroup section */

/* Begin PBXNativeTarget section */
		5F1673A924744ACF0053BB1F /* CoordinatorMinimumExample */ = {
			isa = PBXNativeTarget;
			buildConfigurationList = 5F1673BE24744AE00053BB1F /* Build configuration list for PBXNativeTarget "CoordinatorMinimumExample" */;
			buildPhases = (
				5F1673A624744ACF0053BB1F /* Sources */,
				5F1673A724744ACF0053BB1F /* Frameworks */,
				5F1673A824744ACF0053BB1F /* Resources */,
			);
			buildRules = (
			);
			dependencies = (
			);
			name = CoordinatorMinimumExample;
			productName = CoordinatorMinimumExample;
			productReference = 5F1673AA24744ACF0053BB1F /* CoordinatorMinimumExample.app */;
			productType = "com.apple.product-type.application";
		};
/* End PBXNativeTarget section */

/* Begin PBXProject section */
		5F1673A224744ACF0053BB1F /* Project object */ = {
			isa = PBXProject;
			attributes = {
				LastSwiftUpdateCheck = 1130;
				LastUpgradeCheck = 1130;
				ORGANIZATIONNAME = "Applause Codes";
				TargetAttributes = {
					5F1673A924744ACF0053BB1F = {
						CreatedOnToolsVersion = 11.3;
					};
				};
			};
			buildConfigurationList = 5F1673A524744ACF0053BB1F /* Build configuration list for PBXProject "CoordinatorMinimumExample" */;
			compatibilityVersion = "Xcode 9.3";
			developmentRegion = en;
			hasScannedForEncodings = 0;
			knownRegions = (
				en,
				Base,
			);
			mainGroup = 5F1673A124744ACF0053BB1F;
			productRefGroup = 5F1673AB24744ACF0053BB1F /* Products */;
			projectDirPath = "";
			projectRoot = "";
			targets = (
				5F1673A924744ACF0053BB1F /* CoordinatorMinimumExample */,
			);
		};
/* End PBXProject section */

/* Begin PBXResourcesBuildPhase section */
		5F1673A824744ACF0053BB1F /* Resources */ = {
			isa = PBXResourcesBuildPhase;
			buildActionMask = 2147483647;
			files = (
				5F1673BA24744ADF0053BB1F /* LaunchScreen.storyboard in Resources */,
				5F1673B724744ADF0053BB1F /* Assets.xcassets in Resources */,
			);
			runOnlyForDeploymentPostprocessing = 0;
		};
/* End PBXResourcesBuildPhase section */

/* Begin PBXSourcesBuildPhase section */
		5F1673A624744ACF0053BB1F /* Sources */ = {
			isa = PBXSourcesBuildPhase;
			buildActionMask = 2147483647;
			files = (
				5F1673C224744C740053BB1F /* TabBarController.swift in Sources */,
				5F1673CC2474526B0053BB1F /* ViewCodeProtocol.swift in Sources */,
				5F1673DD247461060053BB1F /* ThirdViewControllerForTabB.swift in Sources */,
				5F1673AE24744AD00053BB1F /* AppDelegate.swift in Sources */,
				5F1673CA247450D30053BB1F /* InitialViewControllerForTabB.swift in Sources */,
				5F1673D02474577E0053BB1F /* ThirdViewControllerForTabA.swift in Sources */,
				5F1673C6247450A20053BB1F /* Coordinator.swift in Sources */,
				5F1673C4247450540053BB1F /* CoordinatorForTabA.swift in Sources */,
				5F1673CE2474560F0053BB1F /* SecondViewControllerForTabA.swift in Sources */,
				5F1673D224745DD90053BB1F /* CoordinatorForTabB.swift in Sources */,
				5F1673DB247460F50053BB1F /* SecondViewControllerForTabB.swift in Sources */,
				5F1673B024744AD00053BB1F /* SceneDelegate.swift in Sources */,
				5F1673C8247450C90053BB1F /* InitialViewControllerForTabA.swift in Sources */,
			);
			runOnlyForDeploymentPostprocessing = 0;
		};
/* End PBXSourcesBuildPhase section */

/* Begin PBXVariantGroup section */
		5F1673B824744ADF0053BB1F /* LaunchScreen.storyboard */ = {
			isa = PBXVariantGroup;
			children = (
				5F1673B924744ADF0053BB1F /* Base */,
			);
			name = LaunchScreen.storyboard;
			sourceTree = "<group>";
		};
/* End PBXVariantGroup section */

/* Begin XCBuildConfiguration section */
		5F1673BC24744AE00053BB1F /* Debug */ = {
			isa = XCBuildConfiguration;
			buildSettings = {
				ALWAYS_SEARCH_USER_PATHS = NO;
				CLANG_ANALYZER_NONNULL = YES;
				CLANG_ANALYZER_NUMBER_OBJECT_CONVERSION = YES_AGGRESSIVE;
				CLANG_CXX_LANGUAGE_STANDARD = "gnu++14";
				CLANG_CXX_LIBRARY = "libc++";
				CLANG_ENABLE_MODULES = YES;
				CLANG_ENABLE_OBJC_ARC = YES;
				CLANG_ENABLE_OBJC_WEAK = YES;
				CLANG_WARN_BLOCK_CAPTURE_AUTORELEASING = YES;
				CLANG_WARN_BOOL_CONVERSION = YES;
				CLANG_WARN_COMMA = YES;
				CLANG_WARN_CONSTANT_CONVERSION = YES;
				CLANG_WARN_DEPRECATED_OBJC_IMPLEMENTATIONS = YES;
				CLANG_WARN_DIRECT_OBJC_ISA_USAGE = YES_ERROR;
				CLANG_WARN_DOCUMENTATION_COMMENTS = YES;
				CLANG_WARN_EMPTY_BODY = YES;
				CLANG_WARN_ENUM_CONVERSION = YES;
				CLANG_WARN_INFINITE_RECURSION = YES;
				CLANG_WARN_INT_CONVERSION = YES;
				CLANG_WARN_NON_LITERAL_NULL_CONVERSION = YES;
				CLANG_WARN_OBJC_IMPLICIT_RETAIN_SELF = YES;
				CLANG_WARN_OBJC_LITERAL_CONVERSION = YES;
				CLANG_WARN_OBJC_ROOT_CLASS = YES_ERROR;
				CLANG_WARN_RANGE_LOOP_ANALYSIS = YES;
				CLANG_WARN_STRICT_PROTOTYPES = YES;
				CLANG_WARN_SUSPICIOUS_MOVE = YES;
				CLANG_WARN_UNGUARDED_AVAILABILITY = YES_AGGRESSIVE;
				CLANG_WARN_UNREACHABLE_CODE = YES;
				CLANG_WARN__DUPLICATE_METHOD_MATCH = YES;
				COPY_PHASE_STRIP = NO;
				DEBUG_INFORMATION_FORMAT = dwarf;
				ENABLE_STRICT_OBJC_MSGSEND = YES;
				ENABLE_TESTABILITY = YES;
				GCC_C_LANGUAGE_STANDARD = gnu11;
				GCC_DYNAMIC_NO_PIC = NO;
				GCC_NO_COMMON_BLOCKS = YES;
				GCC_OPTIMIZATION_LEVEL = 0;
				GCC_PREPROCESSOR_DEFINITIONS = (
					"DEBUG=1",
					"$(inherited)",
				);
				GCC_WARN_64_TO_32_BIT_CONVERSION = YES;
				GCC_WARN_ABOUT_RETURN_TYPE = YES_ERROR;
				GCC_WARN_UNDECLARED_SELECTOR = YES;
				GCC_WARN_UNINITIALIZED_AUTOS = YES_AGGRESSIVE;
				GCC_WARN_UNUSED_FUNCTION = YES;
				GCC_WARN_UNUSED_VARIABLE = YES;
				IPHONEOS_DEPLOYMENT_TARGET = 13.2;
				MTL_ENABLE_DEBUG_INFO = INCLUDE_SOURCE;
				MTL_FAST_MATH = YES;
				ONLY_ACTIVE_ARCH = YES;
				SDKROOT = iphoneos;
				SWIFT_ACTIVE_COMPILATION_CONDITIONS = DEBUG;
				SWIFT_OPTIMIZATION_LEVEL = "-Onone";
			};
			name = Debug;
		};
		5F1673BD24744AE00053BB1F /* Release */ = {
			isa = XCBuildConfiguration;
			buildSettings = {
				ALWAYS_SEARCH_USER_PATHS = NO;
				CLANG_ANALYZER_NONNULL = YES;
				CLANG_ANALYZER_NUMBER_OBJECT_CONVERSION = YES_AGGRESSIVE;
				CLANG_CXX_LANGUAGE_STANDARD = "gnu++14";
				CLANG_CXX_LIBRARY = "libc++";
				CLANG_ENABLE_MODULES = YES;
				CLANG_ENABLE_OBJC_ARC = YES;
				CLANG_ENABLE_OBJC_WEAK = YES;
				CLANG_WARN_BLOCK_CAPTURE_AUTORELEASING = YES;
				CLANG_WARN_BOOL_CONVERSION = YES;
				CLANG_WARN_COMMA = YES;
				CLANG_WARN_CONSTANT_CONVERSION = YES;
				CLANG_WARN_DEPRECATED_OBJC_IMPLEMENTATIONS = YES;
				CLANG_WARN_DIRECT_OBJC_ISA_USAGE = YES_ERROR;
				CLANG_WARN_DOCUMENTATION_COMMENTS = YES;
				CLANG_WARN_EMPTY_BODY = YES;
				CLANG_WARN_ENUM_CONVERSION = YES;
				CLANG_WARN_INFINITE_RECURSION = YES;
				CLANG_WARN_INT_CONVERSION = YES;
				CLANG_WARN_NON_LITERAL_NULL_CONVERSION = YES;
				CLANG_WARN_OBJC_IMPLICIT_RETAIN_SELF = YES;
				CLANG_WARN_OBJC_LITERAL_CONVERSION = YES;
				CLANG_WARN_OBJC_ROOT_CLASS = YES_ERROR;
				CLANG_WARN_RANGE_LOOP_ANALYSIS = YES;
				CLANG_WARN_STRICT_PROTOTYPES = YES;
				CLANG_WARN_SUSPICIOUS_MOVE = YES;
				CLANG_WARN_UNGUARDED_AVAILABILITY = YES_AGGRESSIVE;
				CLANG_WARN_UNREACHABLE_CODE = YES;
				CLANG_WARN__DUPLICATE_METHOD_MATCH = YES;
				COPY_PHASE_STRIP = NO;
				DEBUG_INFORMATION_FORMAT = "dwarf-with-dsym";
				ENABLE_NS_ASSERTIONS = NO;
				ENABLE_STRICT_OBJC_MSGSEND = YES;
				GCC_C_LANGUAGE_STANDARD = gnu11;
				GCC_NO_COMMON_BLOCKS = YES;
				GCC_WARN_64_TO_32_BIT_CONVERSION = YES;
				GCC_WARN_ABOUT_RETURN_TYPE = YES_ERROR;
				GCC_WARN_UNDECLARED_SELECTOR = YES;
				GCC_WARN_UNINITIALIZED_AUTOS = YES_AGGRESSIVE;
				GCC_WARN_UNUSED_FUNCTION = YES;
				GCC_WARN_UNUSED_VARIABLE = YES;
				IPHONEOS_DEPLOYMENT_TARGET = 13.2;
				MTL_ENABLE_DEBUG_INFO = NO;
				MTL_FAST_MATH = YES;
				SDKROOT = iphoneos;
				SWIFT_COMPILATION_MODE = wholemodule;
				SWIFT_OPTIMIZATION_LEVEL = "-O";
				VALIDATE_PRODUCT = YES;
			};
			name = Release;
		};
		5F1673BF24744AE00053BB1F /* Debug */ = {
			isa = XCBuildConfiguration;
			buildSettings = {
				ASSETCATALOG_COMPILER_APPICON_NAME = AppIcon;
				CODE_SIGN_STYLE = Automatic;
				DEVELOPMENT_TEAM = V9BJ5RNAMJ;
				INFOPLIST_FILE = "$(SRCROOT)/CoordinatorMinimumExample/Supporting files/Info.plist";
				LD_RUNPATH_SEARCH_PATHS = (
					"$(inherited)",
					"@executable_path/Frameworks",
				);
				PRODUCT_BUNDLE_IDENTIFIER = codes.applause.CoordinatorMinimumExample;
				PRODUCT_NAME = "$(TARGET_NAME)";
				SWIFT_VERSION = 5.0;
				TARGETED_DEVICE_FAMILY = "1,2";
			};
			name = Debug;
		};
		5F1673C024744AE00053BB1F /* Release */ = {
			isa = XCBuildConfiguration;
			buildSettings = {
				ASSETCATALOG_COMPILER_APPICON_NAME = AppIcon;
				CODE_SIGN_STYLE = Automatic;
				DEVELOPMENT_TEAM = V9BJ5RNAMJ;
				INFOPLIST_FILE = "$(SRCROOT)/CoordinatorMinimumExample/Supporting files/Info.plist";
				LD_RUNPATH_SEARCH_PATHS = (
					"$(inherited)",
					"@executable_path/Frameworks",
				);
				PRODUCT_BUNDLE_IDENTIFIER = codes.applause.CoordinatorMinimumExample;
				PRODUCT_NAME = "$(TARGET_NAME)";
				SWIFT_VERSION = 5.0;
				TARGETED_DEVICE_FAMILY = "1,2";
			};
			name = Release;
		};
/* End XCBuildConfiguration section */

/* Begin XCConfigurationList section */
		5F1673A524744ACF0053BB1F /* Build configuration list for PBXProject "CoordinatorMinimumExample" */ = {
			isa = XCConfigurationList;
			buildConfigurations = (
				5F1673BC24744AE00053BB1F /* Debug */,
				5F1673BD24744AE00053BB1F /* Release */,
			);
			defaultConfigurationIsVisible = 0;
			defaultConfigurationName = Release;
		};
		5F1673BE24744AE00053BB1F /* Build configuration list for PBXNativeTarget "CoordinatorMinimumExample" */ = {
			isa = XCConfigurationList;
			buildConfigurations = (
				5F1673BF24744AE00053BB1F /* Debug */,
				5F1673C024744AE00053BB1F /* Release */,
			);
			defaultConfigurationIsVisible = 0;
			defaultConfigurationName = Release;
		};
/* End XCConfigurationList section */
	};
	rootObject = 5F1673A224744ACF0053BB1F /* Project object */;
}
